
Microsoft Visual Studio Solution File, Format Version 12.00
# Visual Studio Version 16
VisualStudioVersion = 16.0.29209.62
MinimumVisualStudioVersion = 10.0.40219.1
Project("{9A19103F-16F7-4668-BE54-9A1E7A4F7556}") = "Travel.Common", "Travel.Common\Travel.Common.csproj", "{AE66670C-7D2F-4432-BCB1-969CE03E8F15}"
EndProject
Project("{9A19103F-16F7-4668-BE54-9A1E7A4F7556}") = "Travel.Web", "Travel.Web\Travel.Web.csproj", "{0D656057-0FA0-42C4-A0A5-85FC06012709}"
EndProject
Project("{FAE04EC0-301F-11D3-BF4B-00C04F79EFBC}") = "Travel.Prism", "Travel.Prism\Travel.Prism\Travel.Prism.csproj", "{1F1D4CFA-F464-4D29-9076-AF03D1D11447}"
EndProject
Project("{FAE04EC0-301F-11D3-BF4B-00C04F79EFBC}") = "Travel.Prism.Android", "Travel.Prism\Travel.Prism.Android\Travel.Prism.Android.csproj", "{2B4F3B0A-4AAE-4E5E-BC1B-62EBFE068F98}"
EndProject
Project("{FAE04EC0-301F-11D3-BF4B-00C04F79EFBC}") = "Travel.Prism.iOS", "Travel.Prism\Travel.Prism.iOS\Travel.Prism.iOS.csproj", "{621291A4-0C12-4F8A-B20F-F1494C138593}"
EndProject
Project("{FAE04EC0-301F-11D3-BF4B-00C04F79EFBC}") = "Travel.Cross.Android", "Travel.Cross.Android\Travel.Cross.Android.csproj", "{65279E76-3E23-43A6-8B96-067835515138}"
EndProject
Project("{FAE04EC0-301F-11D3-BF4B-00C04F79EFBC}") = "Travel.Cross.iOS", "Travel.Cross.iOS\Travel.Cross.iOS.csproj", "{DFAF4BF1-FFD6-4805-9199-00D0E4132FA8}"
EndProject
Global
	GlobalSection(SolutionConfigurationPlatforms) = preSolution
		Ad-Hoc|Any CPU = Ad-Hoc|Any CPU
		Ad-Hoc|iPhone = Ad-Hoc|iPhone
		Ad-Hoc|iPhoneSimulator = Ad-Hoc|iPhoneSimulator
		AppStore|Any CPU = AppStore|Any CPU
		AppStore|iPhone = AppStore|iPhone
		AppStore|iPhoneSimulator = AppStore|iPhoneSimulator
		Debug|Any CPU = Debug|Any CPU
		Debug|iPhone = Debug|iPhone
		Debug|iPhoneSimulator = Debug|iPhoneSimulator
		Release|Any CPU = Release|Any CPU
		Release|iPhone = Release|iPhone
		Release|iPhoneSimulator = Release|iPhoneSimulator
	EndGlobalSection
	GlobalSection(ProjectConfigurationPlatforms) = postSolution
		{AE66670C-7D2F-4432-BCB1-969CE03E8F15}.Ad-Hoc|Any CPU.ActiveCfg = Release|Any CPU
		{AE66670C-7D2F-4432-BCB1-969CE03E8F15}.Ad-Hoc|Any CPU.Build.0 = Release|Any CPU
		{AE66670C-7D2F-4432-BCB1-969CE03E8F15}.Ad-Hoc|iPhone.ActiveCfg = Release|Any CPU
		{AE66670C-7D2F-4432-BCB1-969CE03E8F15}.Ad-Hoc|iPhone.Build.0 = Release|Any CPU
		{AE66670C-7D2F-4432-BCB1-969CE03E8F15}.Ad-Hoc|iPhoneSimulator.ActiveCfg = Release|Any CPU
		{AE66670C-7D2F-4432-BCB1-969CE03E8F15}.Ad-Hoc|iPhoneSimulator.Build.0 = Release|Any CPU
		{AE66670C-7D2F-4432-BCB1-969CE03E8F15}.AppStore|Any CPU.ActiveCfg = Release|Any CPU
		{AE66670C-7D2F-4432-BCB1-969CE03E8F15}.AppStore|Any CPU.Build.0 = Release|Any CPU
		{AE66670C-7D2F-4432-BCB1-969CE03E8F15}.AppStore|iPhone.ActiveCfg = Release|Any CPU
		{AE66670C-7D2F-4432-BCB1-969CE03E8F15}.AppStore|iPhone.Build.0 = Release|Any CPU
		{AE66670C-7D2F-4432-BCB1-969CE03E8F15}.AppStore|iPhoneSimulator.ActiveCfg = Release|Any CPU
		{AE66670C-7D2F-4432-BCB1-969CE03E8F15}.AppStore|iPhoneSimulator.Build.0 = Release|Any CPU
		{AE66670C-7D2F-4432-BCB1-969CE03E8F15}.Debug|Any CPU.ActiveCfg = Debug|Any CPU
		{AE66670C-7D2F-4432-BCB1-969CE03E8F15}.Debug|Any CPU.Build.0 = Debug|Any CPU
		{AE66670C-7D2F-4432-BCB1-969CE03E8F15}.Debug|iPhone.ActiveCfg = Debug|Any CPU
		{AE66670C-7D2F-4432-BCB1-969CE03E8F15}.Debug|iPhone.Build.0 = Debug|Any CPU
		{AE66670C-7D2F-4432-BCB1-969CE03E8F15}.Debug|iPhoneSimulator.ActiveCfg = Debug|Any CPU
		{AE66670C-7D2F-4432-BCB1-969CE03E8F15}.Debug|iPhoneSimulator.Build.0 = Debug|Any CPU
		{AE66670C-7D2F-4432-BCB1-969CE03E8F15}.Release|Any CPU.ActiveCfg = Release|Any CPU
		{AE66670C-7D2F-4432-BCB1-969CE03E8F15}.Release|Any CPU.Build.0 = Release|Any CPU
		{AE66670C-7D2F-4432-BCB1-969CE03E8F15}.Release|iPhone.ActiveCfg = Release|Any CPU
		{AE66670C-7D2F-4432-BCB1-969CE03E8F15}.Release|iPhone.Build.0 = Release|Any CPU
		{AE66670C-7D2F-4432-BCB1-969CE03E8F15}.Release|iPhoneSimulator.ActiveCfg = Release|Any CPU
		{AE66670C-7D2F-4432-BCB1-969CE03E8F15}.Release|iPhoneSimulator.Build.0 = Release|Any CPU
		{0D656057-0FA0-42C4-A0A5-85FC06012709}.Ad-Hoc|Any CPU.ActiveCfg = Release|Any CPU
		{0D656057-0FA0-42C4-A0A5-85FC06012709}.Ad-Hoc|Any CPU.Build.0 = Release|Any CPU
		{0D656057-0FA0-42C4-A0A5-85FC06012709}.Ad-Hoc|iPhone.ActiveCfg = Release|Any CPU
		{0D656057-0FA0-42C4-A0A5-85FC06012709}.Ad-Hoc|iPhone.Build.0 = Release|Any CPU
		{0D656057-0FA0-42C4-A0A5-85FC06012709}.Ad-Hoc|iPhoneSimulator.ActiveCfg = Release|Any CPU
		{0D656057-0FA0-42C4-A0A5-85FC06012709}.Ad-Hoc|iPhoneSimulator.Build.0 = Release|Any CPU
		{0D656057-0FA0-42C4-A0A5-85FC06012709}.AppStore|Any CPU.ActiveCfg = Release|Any CPU
		{0D656057-0FA0-42C4-A0A5-85FC06012709}.AppStore|Any CPU.Build.0 = Release|Any CPU
		{0D656057-0FA0-42C4-A0A5-85FC06012709}.AppStore|iPhone.ActiveCfg = Release|Any CPU
		{0D656057-0FA0-42C4-A0A5-85FC06012709}.AppStore|iPhone.Build.0 = Release|Any CPU
		{0D656057-0FA0-42C4-A0A5-85FC06012709}.AppStore|iPhoneSimulator.ActiveCfg = Release|Any CPU
		{0D656057-0FA0-42C4-A0A5-85FC06012709}.AppStore|iPhoneSimulator.Build.0 = Release|Any CPU
		{0D656057-0FA0-42C4-A0A5-85FC06012709}.Debug|Any CPU.ActiveCfg = Debug|Any CPU
		{0D656057-0FA0-42C4-A0A5-85FC06012709}.Debug|Any CPU.Build.0 = Debug|Any CPU
		{0D656057-0FA0-42C4-A0A5-85FC06012709}.Debug|iPhone.ActiveCfg = Debug|Any CPU
		{0D656057-0FA0-42C4-A0A5-85FC06012709}.Debug|iPhone.Build.0 = Debug|Any CPU
		{0D656057-0FA0-42C4-A0A5-85FC06012709}.Debug|iPhoneSimulator.ActiveCfg = Debug|Any CPU
		{0D656057-0FA0-42C4-A0A5-85FC06012709}.Debug|iPhoneSimulator.Build.0 = Debug|Any CPU
		{0D656057-0FA0-42C4-A0A5-85FC06012709}.Release|Any CPU.ActiveCfg = Release|Any CPU
		{0D656057-0FA0-42C4-A0A5-85FC06012709}.Release|Any CPU.Build.0 = Release|Any CPU
		{0D656057-0FA0-42C4-A0A5-85FC06012709}.Release|iPhone.ActiveCfg = Release|Any CPU
		{0D656057-0FA0-42C4-A0A5-85FC06012709}.Release|iPhone.Build.0 = Release|Any CPU
		{0D656057-0FA0-42C4-A0A5-85FC06012709}.Release|iPhoneSimulator.ActiveCfg = Release|Any CPU
		{0D656057-0FA0-42C4-A0A5-85FC06012709}.Release|iPhoneSimulator.Build.0 = Release|Any CPU
		{1F1D4CFA-F464-4D29-9076-AF03D1D11447}.Ad-Hoc|Any CPU.ActiveCfg = Debug|Any CPU
		{1F1D4CFA-F464-4D29-9076-AF03D1D11447}.Ad-Hoc|Any CPU.Build.0 = Debug|Any CPU
		{1F1D4CFA-F464-4D29-9076-AF03D1D11447}.Ad-Hoc|iPhone.ActiveCfg = Debug|Any CPU
		{1F1D4CFA-F464-4D29-9076-AF03D1D11447}.Ad-Hoc|iPhone.Build.0 = Debug|Any CPU
		{1F1D4CFA-F464-4D29-9076-AF03D1D11447}.Ad-Hoc|iPhoneSimulator.ActiveCfg = Debug|Any CPU
		{1F1D4CFA-F464-4D29-9076-AF03D1D11447}.Ad-Hoc|iPhoneSimulator.Build.0 = Debug|Any CPU
		{1F1D4CFA-F464-4D29-9076-AF03D1D11447}.AppStore|Any CPU.ActiveCfg = Debug|Any CPU
		{1F1D4CFA-F464-4D29-9076-AF03D1D11447}.AppStore|Any CPU.Build.0 = Debug|Any CPU
		{1F1D4CFA-F464-4D29-9076-AF03D1D11447}.AppStore|iPhone.ActiveCfg = Debug|Any CPU
		{1F1D4CFA-F464-4D29-9076-AF03D1D11447}.AppStore|iPhone.Build.0 = Debug|Any CPU
		{1F1D4CFA-F464-4D29-9076-AF03D1D11447}.AppStore|iPhoneSimulator.ActiveCfg = Debug|Any CPU
		{1F1D4CFA-F464-4D29-9076-AF03D1D11447}.AppStore|iPhoneSimulator.Build.0 = Debug|Any CPU
		{1F1D4CFA-F464-4D29-9076-AF03D1D11447}.Debug|Any CPU.ActiveCfg = Debug|Any CPU
		{1F1D4CFA-F464-4D29-9076-AF03D1D11447}.Debug|Any CPU.Build.0 = Debug|Any CPU
		{1F1D4CFA-F464-4D29-9076-AF03D1D11447}.Debug|iPhone.ActiveCfg = Debug|Any CPU
		{1F1D4CFA-F464-4D29-9076-AF03D1D11447}.Debug|iPhone.Build.0 = Debug|Any CPU
		{1F1D4CFA-F464-4D29-9076-AF03D1D11447}.Debug|iPhoneSimulator.ActiveCfg = Debug|Any CPU
		{1F1D4CFA-F464-4D29-9076-AF03D1D11447}.Debug|iPhoneSimulator.Build.0 = Debug|Any CPU
		{1F1D4CFA-F464-4D29-9076-AF03D1D11447}.Release|Any CPU.ActiveCfg = Release|Any CPU
		{1F1D4CFA-F464-4D29-9076-AF03D1D11447}.Release|Any CPU.Build.0 = Release|Any CPU
		{1F1D4CFA-F464-4D29-9076-AF03D1D11447}.Release|iPhone.ActiveCfg = Release|Any CPU
		{1F1D4CFA-F464-4D29-9076-AF03D1D11447}.Release|iPhone.Build.0 = Release|Any CPU
		{1F1D4CFA-F464-4D29-9076-AF03D1D11447}.Release|iPhoneSimulator.ActiveCfg = Release|Any CPU
		{1F1D4CFA-F464-4D29-9076-AF03D1D11447}.Release|iPhoneSimulator.Build.0 = Release|Any CPU
		{2B4F3B0A-4AAE-4E5E-BC1B-62EBFE068F98}.Ad-Hoc|Any CPU.ActiveCfg = Release|Any CPU
		{2B4F3B0A-4AAE-4E5E-BC1B-62EBFE068F98}.Ad-Hoc|Any CPU.Build.0 = Release|Any CPU
		{2B4F3B0A-4AAE-4E5E-BC1B-62EBFE068F98}.Ad-Hoc|Any CPU.Deploy.0 = Release|Any CPU
		{2B4F3B0A-4AAE-4E5E-BC1B-62EBFE068F98}.Ad-Hoc|iPhone.ActiveCfg = Release|Any CPU
		{2B4F3B0A-4AAE-4E5E-BC1B-62EBFE068F98}.Ad-Hoc|iPhone.Build.0 = Release|Any CPU
		{2B4F3B0A-4AAE-4E5E-BC1B-62EBFE068F98}.Ad-Hoc|iPhone.Deploy.0 = Release|Any CPU
		{2B4F3B0A-4AAE-4E5E-BC1B-62EBFE068F98}.Ad-Hoc|iPhoneSimulator.ActiveCfg = Release|Any CPU
		{2B4F3B0A-4AAE-4E5E-BC1B-62EBFE068F98}.Ad-Hoc|iPhoneSimulator.Build.0 = Release|Any CPU
		{2B4F3B0A-4AAE-4E5E-BC1B-62EBFE068F98}.Ad-Hoc|iPhoneSimulator.Deploy.0 = Release|Any CPU
		{2B4F3B0A-4AAE-4E5E-BC1B-62EBFE068F98}.AppStore|Any CPU.ActiveCfg = Release|Any CPU
		{2B4F3B0A-4AAE-4E5E-BC1B-62EBFE068F98}.AppStore|Any CPU.Build.0 = Release|Any CPU
		{2B4F3B0A-4AAE-4E5E-BC1B-62EBFE068F98}.AppStore|Any CPU.Deploy.0 = Release|Any CPU
		{2B4F3B0A-4AAE-4E5E-BC1B-62EBFE068F98}.AppStore|iPhone.ActiveCfg = Release|Any CPU
		{2B4F3B0A-4AAE-4E5E-BC1B-62EBFE068F98}.AppStore|iPhone.Build.0 = Release|Any CPU
		{2B4F3B0A-4AAE-4E5E-BC1B-62EBFE068F98}.AppStore|iPhone.Deploy.0 = Release|Any CPU
		{2B4F3B0A-4AAE-4E5E-BC1B-62EBFE068F98}.AppStore|iPhoneSimulator.ActiveCfg = Release|Any CPU
		{2B4F3B0A-4AAE-4E5E-BC1B-62EBFE068F98}.AppStore|iPhoneSimulator.Build.0 = Release|Any CPU
		{2B4F3B0A-4AAE-4E5E-BC1B-62EBFE068F98}.AppStore|iPhoneSimulator.Deploy.0 = Release|Any CPU
		{2B4F3B0A-4AAE-4E5E-BC1B-62EBFE068F98}.Debug|Any CPU.ActiveCfg = Debug|Any CPU
		{2B4F3B0A-4AAE-4E5E-BC1B-62EBFE068F98}.Debug|Any CPU.Build.0 = Debug|Any CPU
		{2B4F3B0A-4AAE-4E5E-BC1B-62EBFE068F98}.Debug|Any CPU.Deploy.0 = Debug|Any CPU
		{2B4F3B0A-4AAE-4E5E-BC1B-62EBFE068F98}.Debug|iPhone.ActiveCfg = Debug|Any CPU
		{2B4F3B0A-4AAE-4E5E-BC1B-62EBFE068F98}.Debug|iPhone.Build.0 = Debug|Any CPU
		{2B4F3B0A-4AAE-4E5E-BC1B-62EBFE068F98}.Debug|iPhone.Deploy.0 = Debug|Any CPU
		{2B4F3B0A-4AAE-4E5E-BC1B-62EBFE068F98}.Debug|iPhoneSimulator.ActiveCfg = Debug|Any CPU
		{2B4F3B0A-4AAE-4E5E-BC1B-62EBFE068F98}.Debug|iPhoneSimulator.Build.0 = Debug|Any CPU
		{2B4F3B0A-4AAE-4E5E-BC1B-62EBFE068F98}.Debug|iPhoneSimulator.Deploy.0 = Debug|Any CPU
		{2B4F3B0A-4AAE-4E5E-BC1B-62EBFE068F98}.Release|Any CPU.ActiveCfg = Release|Any CPU
		{2B4F3B0A-4AAE-4E5E-BC1B-62EBFE068F98}.Release|Any CPU.Build.0 = Release|Any CPU
		{2B4F3B0A-4AAE-4E5E-BC1B-62EBFE068F98}.Release|Any CPU.Deploy.0 = Release|Any CPU
		{2B4F3B0A-4AAE-4E5E-BC1B-62EBFE068F98}.Release|iPhone.ActiveCfg = Release|Any CPU
		{2B4F3B0A-4AAE-4E5E-BC1B-62EBFE068F98}.Release|iPhone.Build.0 = Release|Any CPU
		{2B4F3B0A-4AAE-4E5E-BC1B-62EBFE068F98}.Release|iPhone.Deploy.0 = Release|Any CPU
		{2B4F3B0A-4AAE-4E5E-BC1B-62EBFE068F98}.Release|iPhoneSimulator.ActiveCfg = Release|Any CPU
		{2B4F3B0A-4AAE-4E5E-BC1B-62EBFE068F98}.Release|iPhoneSimulator.Build.0 = Release|Any CPU
		{2B4F3B0A-4AAE-4E5E-BC1B-62EBFE068F98}.Release|iPhoneSimulator.Deploy.0 = Release|Any CPU
		{621291A4-0C12-4F8A-B20F-F1494C138593}.Ad-Hoc|Any CPU.ActiveCfg = Ad-Hoc|iPhone
		{621291A4-0C12-4F8A-B20F-F1494C138593}.Ad-Hoc|iPhone.ActiveCfg = Ad-Hoc|iPhone
		{621291A4-0C12-4F8A-B20F-F1494C138593}.Ad-Hoc|iPhone.Build.0 = Ad-Hoc|iPhone
		{621291A4-0C12-4F8A-B20F-F1494C138593}.Ad-Hoc|iPhoneSimulator.ActiveCfg = Ad-Hoc|iPhoneSimulator
		{621291A4-0C12-4F8A-B20F-F1494C138593}.Ad-Hoc|iPhoneSimulator.Build.0 = Ad-Hoc|iPhoneSimulator
		{621291A4-0C12-4F8A-B20F-F1494C138593}.AppStore|Any CPU.ActiveCfg = AppStore|iPhone
		{621291A4-0C12-4F8A-B20F-F1494C138593}.AppStore|iPhone.ActiveCfg = AppStore|iPhone
		{621291A4-0C12-4F8A-B20F-F1494C138593}.AppStore|iPhone.Build.0 = AppStore|iPhone
		{621291A4-0C12-4F8A-B20F-F1494C138593}.AppStore|iPhoneSimulator.ActiveCfg = AppStore|iPhoneSimulator
		{621291A4-0C12-4F8A-B20F-F1494C138593}.AppStore|iPhoneSimulator.Build.0 = AppStore|iPhoneSimulator
		{621291A4-0C12-4F8A-B20F-F1494C138593}.Debug|Any CPU.ActiveCfg = Debug|iPhone
		{621291A4-0C12-4F8A-B20F-F1494C138593}.Debug|iPhone.ActiveCfg = Debug|iPhone
		{621291A4-0C12-4F8A-B20F-F1494C138593}.Debug|iPhone.Build.0 = Debug|iPhone
		{621291A4-0C12-4F8A-B20F-F1494C138593}.Debug|iPhoneSimulator.ActiveCfg = Debug|iPhoneSimulator
		{621291A4-0C12-4F8A-B20F-F1494C138593}.Debug|iPhoneSimulator.Build.0 = Debug|iPhoneSimulator
		{621291A4-0C12-4F8A-B20F-F1494C138593}.Release|Any CPU.ActiveCfg = Release|iPhone
		{621291A4-0C12-4F8A-B20F-F1494C138593}.Release|iPhone.ActiveCfg = Release|iPhone
		{621291A4-0C12-4F8A-B20F-F1494C138593}.Release|iPhone.Build.0 = Release|iPhone
		{621291A4-0C12-4F8A-B20F-F1494C138593}.Release|iPhoneSimulator.ActiveCfg = Release|iPhoneSimulator
		{621291A4-0C12-4F8A-B20F-F1494C138593}.Release|iPhoneSimulator.Build.0 = Release|iPhoneSimulator
		{65279E76-3E23-43A6-8B96-067835515138}.Ad-Hoc|Any CPU.ActiveCfg = Release|Any CPU
		{65279E76-3E23-43A6-8B96-067835515138}.Ad-Hoc|Any CPU.Build.0 = Release|Any CPU
		{65279E76-3E23-43A6-8B96-067835515138}.Ad-Hoc|Any CPU.Deploy.0 = Release|Any CPU
		{65279E76-3E23-43A6-8B96-067835515138}.Ad-Hoc|iPhone.ActiveCfg = Release|Any CPU
		{65279E76-3E23-43A6-8B96-067835515138}.Ad-Hoc|iPhone.Build.0 = Release|Any CPU
		{65279E76-3E23-43A6-8B96-067835515138}.Ad-Hoc|iPhone.Deploy.0 = Release|Any CPU
		{65279E76-3E23-43A6-8B96-067835515138}.Ad-Hoc|iPhoneSimulator.ActiveCfg = Release|Any CPU
		{65279E76-3E23-43A6-8B96-067835515138}.Ad-Hoc|iPhoneSimulator.Build.0 = Release|Any CPU
		{65279E76-3E23-43A6-8B96-067835515138}.Ad-Hoc|iPhoneSimulator.Deploy.0 = Release|Any CPU
		{65279E76-3E23-43A6-8B96-067835515138}.AppStore|Any CPU.ActiveCfg = Release|Any CPU
		{65279E76-3E23-43A6-8B96-067835515138}.AppStore|Any CPU.Build.0 = Release|Any CPU
		{65279E76-3E23-43A6-8B96-067835515138}.AppStore|Any CPU.Deploy.0 = Release|Any CPU
		{65279E76-3E23-43A6-8B96-067835515138}.AppStore|iPhone.ActiveCfg = Release|Any CPU
		{65279E76-3E23-43A6-8B96-067835515138}.AppStore|iPhone.Build.0 = Release|Any CPU
		{65279E76-3E23-43A6-8B96-067835515138}.AppStore|iPhone.Deploy.0 = Release|Any CPU
		{65279E76-3E23-43A6-8B96-067835515138}.AppStore|iPhoneSimulator.ActiveCfg = Release|Any CPU
		{65279E76-3E23-43A6-8B96-067835515138}.AppStore|iPhoneSimulator.Build.0 = Release|Any CPU
		{65279E76-3E23-43A6-8B96-067835515138}.AppStore|iPhoneSimulator.Deploy.0 = Release|Any CPU
		{65279E76-3E23-43A6-8B96-067835515138}.Debug|Any CPU.ActiveCfg = Debug|Any CPU
		{65279E76-3E23-43A6-8B96-067835515138}.Debug|Any CPU.Build.0 = Debug|Any CPU
		{65279E76-3E23-43A6-8B96-067835515138}.Debug|Any CPU.Deploy.0 = Debug|Any CPU
		{65279E76-3E23-43A6-8B96-067835515138}.Debug|iPhone.ActiveCfg = Debug|Any CPU
		{65279E76-3E23-43A6-8B96-067835515138}.Debug|iPhone.Build.0 = Debug|Any CPU
		{65279E76-3E23-43A6-8B96-067835515138}.Debug|iPhone.Deploy.0 = Debug|Any CPU
		{65279E76-3E23-43A6-8B96-067835515138}.Debug|iPhoneSimulator.ActiveCfg = Debug|Any CPU
		{65279E76-3E23-43A6-8B96-067835515138}.Debug|iPhoneSimulator.Build.0 = Debug|Any CPU
		{65279E76-3E23-43A6-8B96-067835515138}.Debug|iPhoneSimulator.Deploy.0 = Debug|Any CPU
		{65279E76-3E23-43A6-8B96-067835515138}.Release|Any CPU.ActiveCfg = Release|Any CPU
		{65279E76-3E23-43A6-8B96-067835515138}.Release|Any CPU.Build.0 = Release|Any CPU
		{65279E76-3E23-43A6-8B96-067835515138}.Release|Any CPU.Deploy.0 = Release|Any CPU
		{65279E76-3E23-43A6-8B96-067835515138}.Release|iPhone.ActiveCfg = Release|Any CPU
		{65279E76-3E23-43A6-8B96-067835515138}.Release|iPhone.Build.0 = Release|Any CPU
		{65279E76-3E23-43A6-8B96-067835515138}.Release|iPhone.Deploy.0 = Release|Any CPU
		{65279E76-3E23-43A6-8B96-067835515138}.Release|iPhoneSimulator.ActiveCfg = Release|Any CPU
		{65279E76-3E23-43A6-8B96-067835515138}.Release|iPhoneSimulator.Build.0 = Release|Any CPU
		{65279E76-3E23-43A6-8B96-067835515138}.Release|iPhoneSimulator.Deploy.0 = Release|Any CPU
		{DFAF4BF1-FFD6-4805-9199-00D0E4132FA8}.Ad-Hoc|Any CPU.ActiveCfg = Release|iPhone
		{DFAF4BF1-FFD6-4805-9199-00D0E4132FA8}.Ad-Hoc|Any CPU.Build.0 = Release|iPhone
		{DFAF4BF1-FFD6-4805-9199-00D0E4132FA8}.Ad-Hoc|iPhone.ActiveCfg = Release|iPhone
		{DFAF4BF1-FFD6-4805-9199-00D0E4132FA8}.Ad-Hoc|iPhone.Build.0 = Release|iPhone
		{DFAF4BF1-FFD6-4805-9199-00D0E4132FA8}.Ad-Hoc|iPhoneSimulator.ActiveCfg = Release|iPhoneSimulator
		{DFAF4BF1-FFD6-4805-9199-00D0E4132FA8}.Ad-Hoc|iPhoneSimulator.Build.0 = Release|iPhoneSimulator
		{DFAF4BF1-FFD6-4805-9199-00D0E4132FA8}.AppStore|Any CPU.ActiveCfg = Release|iPhone
		{DFAF4BF1-FFD6-4805-9199-00D0E4132FA8}.AppStore|Any CPU.Build.0 = Release|iPhone
		{DFAF4BF1-FFD6-4805-9199-00D0E4132FA8}.AppStore|iPhone.ActiveCfg = Release|iPhone
		{DFAF4BF1-FFD6-4805-9199-00D0E4132FA8}.AppStore|iPhone.Build.0 = Release|iPhone
		{DFAF4BF1-FFD6-4805-9199-00D0E4132FA8}.AppStore|iPhoneSimulator.ActiveCfg = Release|iPhoneSimulator
		{DFAF4BF1-FFD6-4805-9199-00D0E4132FA8}.AppStore|iPhoneSimulator.Build.0 = Release|iPhoneSimulator
		{DFAF4BF1-FFD6-4805-9199-00D0E4132FA8}.Debug|Any CPU.ActiveCfg = Debug|iPhone
		{DFAF4BF1-FFD6-4805-9199-00D0E4132FA8}.Debug|iPhone.ActiveCfg = Debug|iPhone
		{DFAF4BF1-FFD6-4805-9199-00D0E4132FA8}.Debug|iPhone.Build.0 = Debug|iPhone
		{DFAF4BF1-FFD6-4805-9199-00D0E4132FA8}.Debug|iPhoneSimulator.ActiveCfg = Debug|iPhoneSimulator
		{DFAF4BF1-FFD6-4805-9199-00D0E4132FA8}.Debug|iPhoneSimulator.Build.0 = Debug|iPhoneSimulator
		{DFAF4BF1-FFD6-4805-9199-00D0E4132FA8}.Release|Any CPU.ActiveCfg = Release|iPhone
		{DFAF4BF1-FFD6-4805-9199-00D0E4132FA8}.Release|iPhone.ActiveCfg = Release|iPhone
		{DFAF4BF1-FFD6-4805-9199-00D0E4132FA8}.Release|iPhone.Build.0 = Release|iPhone
		{DFAF4BF1-FFD6-4805-9199-00D0E4132FA8}.Release|iPhoneSimulator.ActiveCfg = Release|iPhoneSimulator
		{DFAF4BF1-FFD6-4805-9199-00D0E4132FA8}.Release|iPhoneSimulator.Build.0 = Release|iPhoneSimulator
	EndGlobalSection
	GlobalSection(SolutionProperties) = preSolution
		HideSolutionNode = FALSE
	EndGlobalSection
	GlobalSection(ExtensibilityGlobals) = postSolution
		SolutionGuid = {EAFE1153-F449-432B-82F8-D4D5BA610A9A}
	EndGlobalSection
EndGlobal
